
Microsoft Visual Studio Solution File, Format Version 12.00
# Visual Studio 15
VisualStudioVersion = 15.0.27703.2026
MinimumVisualStudioVersion = 10.0.40219.1
Project("{E24C65DC-7377-472B-9ABA-BC803B73C61A}") = "marteaux.net", "..\", "{CE46ED2D-D3C1-4EA0-93A9-05F0A0B7CEA4}"
	ProjectSection(WebsiteProperties) = preProject
		TargetFrameworkMoniker = ".NETFramework,Version%3Dv4.0"
		Debug.AspNetCompiler.VirtualPath = "/localhost_59629"
		Debug.AspNetCompiler.PhysicalPath = "..\..\marteaux.net\"
		Debug.AspNetCompiler.TargetPath = "PrecompiledWeb\localhost_59629\"
		Debug.AspNetCompiler.Updateable = "true"
		Debug.AspNetCompiler.ForceOverwrite = "true"
		Debug.AspNetCompiler.FixedNames = "false"
		Debug.AspNetCompiler.Debug = "True"
		Release.AspNetCompiler.VirtualPath = "/localhost_59629"
		Release.AspNetCompiler.PhysicalPath = "..\..\marteaux.net\"
		Release.AspNetCompiler.TargetPath = "PrecompiledWeb\localhost_59629\"
		Release.AspNetCompiler.Updateable = "true"
		Release.AspNetCompiler.ForceOverwrite = "true"
		Release.AspNetCompiler.FixedNames = "false"
		Release.AspNetCompiler.Debug = "False"
		VWDPort = "59629"
		SlnRelativePath = "..\..\marteaux.net\"
	EndProjectSection
EndProject
Global
	GlobalSection(SolutionConfigurationPlatforms) = preSolution
		Debug|Any CPU = Debug|Any CPU
	EndGlobalSection
	GlobalSection(ProjectConfigurationPlatforms) = postSolution
		{CE46ED2D-D3C1-4EA0-93A9-05F0A0B7CEA4}.Debug|Any CPU.ActiveCfg = Debug|Any CPU
		{CE46ED2D-D3C1-4EA0-93A9-05F0A0B7CEA4}.Debug|Any CPU.Build.0 = Debug|Any CPU
	EndGlobalSection
	GlobalSection(SolutionProperties) = preSolution
		HideSolutionNode = FALSE
	EndGlobalSection
	GlobalSection(ExtensibilityGlobals) = postSolution
		SolutionGuid = {70E6D8D4-24D8-410D-BEA0-5C10770ECD18}
	EndGlobalSection
EndGlobal
